// !$*UTF8*$!
{
	archiveVersion = 1;
	classes = {
	};
	objectVersion = 46;
	objects = {

/* Begin PBXBuildFile section */
		6302ACAA194146F300C2DA28 /* CardMatchingGame.m in Sources */ = {isa = PBXBuildFile; fileRef = 6302ACA9194146F300C2DA28 /* CardMatchingGame.m */; };
		63713D5A194FB592008A226B /* PlayingCardGameViewController.m in Sources */ = {isa = PBXBuildFile; fileRef = 63713D59194FB592008A226B /* PlayingCardGameViewController.m */; };
		63713D5D19505DE0008A226B /* SetCardGameViewController.m in Sources */ = {isa = PBXBuildFile; fileRef = 63713D5C19505DE0008A226B /* SetCardGameViewController.m */; };
		63713D691951020E008A226B /* SetCard.m in Sources */ = {isa = PBXBuildFile; fileRef = 63713D681951020E008A226B /* SetCard.m */; };
		63713D6C19510236008A226B /* SetCardDeck.m in Sources */ = {isa = PBXBuildFile; fileRef = 63713D6B19510236008A226B /* SetCardDeck.m */; };
		63F4EE22193B9BF900E1477D /* Foundation.framework in Frameworks */ = {isa = PBXBuildFile; fileRef = 63F4EE21193B9BF900E1477D /* Foundation.framework */; };
		63F4EE24193B9BF900E1477D /* CoreGraphics.framework in Frameworks */ = {isa = PBXBuildFile; fileRef = 63F4EE23193B9BF900E1477D /* CoreGraphics.framework */; };
		63F4EE26193B9BF900E1477D /* UIKit.framework in Frameworks */ = {isa = PBXBuildFile; fileRef = 63F4EE25193B9BF900E1477D /* UIKit.framework */; };
		63F4EE2C193B9BF900E1477D /* InfoPlist.strings in Resources */ = {isa = PBXBuildFile; fileRef = 63F4EE2A193B9BF900E1477D /* InfoPlist.strings */; };
		63F4EE2E193B9BF900E1477D /* main.m in Sources */ = {isa = PBXBuildFile; fileRef = 63F4EE2D193B9BF900E1477D /* main.m */; };
		63F4EE32193B9BF900E1477D /* CardGameAppDelegate.m in Sources */ = {isa = PBXBuildFile; fileRef = 63F4EE31193B9BF900E1477D /* CardGameAppDelegate.m */; };
		63F4EE35193B9BF900E1477D /* Main.storyboard in Resources */ = {isa = PBXBuildFile; fileRef = 63F4EE33193B9BF900E1477D /* Main.storyboard */; };
		63F4EE38193B9BF900E1477D /* CardGameViewController.m in Sources */ = {isa = PBXBuildFile; fileRef = 63F4EE37193B9BF900E1477D /* CardGameViewController.m */; };
		63F4EE3A193B9BF900E1477D /* Images.xcassets in Resources */ = {isa = PBXBuildFile; fileRef = 63F4EE39193B9BF900E1477D /* Images.xcassets */; };
		63F4EE41193B9BF900E1477D /* XCTest.framework in Frameworks */ = {isa = PBXBuildFile; fileRef = 63F4EE40193B9BF900E1477D /* XCTest.framework */; };
		63F4EE42193B9BF900E1477D /* Foundation.framework in Frameworks */ = {isa = PBXBuildFile; fileRef = 63F4EE21193B9BF900E1477D /* Foundation.framework */; };
		63F4EE43193B9BF900E1477D /* UIKit.framework in Frameworks */ = {isa = PBXBuildFile; fileRef = 63F4EE25193B9BF900E1477D /* UIKit.framework */; };
		63F4EE4B193B9BF900E1477D /* InfoPlist.strings in Resources */ = {isa = PBXBuildFile; fileRef = 63F4EE49193B9BF900E1477D /* InfoPlist.strings */; };
		63F4EE4D193B9BF900E1477D /* MatchismoTests.m in Sources */ = {isa = PBXBuildFile; fileRef = 63F4EE4C193B9BF900E1477D /* MatchismoTests.m */; };
		63F4EE58193BAD5300E1477D /* Card.m in Sources */ = {isa = PBXBuildFile; fileRef = 63F4EE57193BAD5300E1477D /* Card.m */; };
		63F4EE5C193BAF1300E1477D /* PlayingCard.m in Sources */ = {isa = PBXBuildFile; fileRef = 63F4EE5B193BAF1300E1477D /* PlayingCard.m */; };
		63F4EE5F193BB21600E1477D /* PlayingCardDeck.m in Sources */ = {isa = PBXBuildFile; fileRef = 63F4EE5E193BB21600E1477D /* PlayingCardDeck.m */; };
		63F4EE62193BB24200E1477D /* Deck.m in Sources */ = {isa = PBXBuildFile; fileRef = 63F4EE61193BB24200E1477D /* Deck.m */; };
/* End PBXBuildFile section */

/* Begin PBXContainerItemProxy section */
		63F4EE44193B9BF900E1477D /* PBXContainerItemProxy */ = {
			isa = PBXContainerItemProxy;
			containerPortal = 63F4EE16193B9BF800E1477D /* Project object */;
			proxyType = 1;
			remoteGlobalIDString = 63F4EE1D193B9BF800E1477D;
			remoteInfo = Matchismo;
		};
/* End PBXContainerItemProxy section */

/* Begin PBXFileReference section */
		6302ACA8194146F300C2DA28 /* CardMatchingGame.h */ = {isa = PBXFileReference; fileEncoding = 4; lastKnownFileType = sourcecode.c.h; name = CardMatchingGame.h; path = Model/CardMatchingGame.h; sourceTree = "<group>"; };
		6302ACA9194146F300C2DA28 /* CardMatchingGame.m */ = {isa = PBXFileReference; fileEncoding = 4; lastKnownFileType = sourcecode.c.objc; name = CardMatchingGame.m; path = Model/CardMatchingGame.m; sourceTree = "<group>"; };
		63713D58194FB592008A226B /* PlayingCardGameViewController.h */ = {isa = PBXFileReference; fileEncoding = 4; lastKnownFileType = sourcecode.c.h; path = PlayingCardGameViewController.h; sourceTree = "<group>"; };
		63713D59194FB592008A226B /* PlayingCardGameViewController.m */ = {isa = PBXFileReference; fileEncoding = 4; lastKnownFileType = sourcecode.c.objc; path = PlayingCardGameViewController.m; sourceTree = "<group>"; };
		63713D5B19505DE0008A226B /* SetCardGameViewController.h */ = {isa = PBXFileReference; fileEncoding = 4; lastKnownFileType = sourcecode.c.h; path = SetCardGameViewController.h; sourceTree = "<group>"; };
		63713D5C19505DE0008A226B /* SetCardGameViewController.m */ = {isa = PBXFileReference; fileEncoding = 4; lastKnownFileType = sourcecode.c.objc; path = SetCardGameViewController.m; sourceTree = "<group>"; };
		63713D671951020E008A226B /* SetCard.h */ = {isa = PBXFileReference; fileEncoding = 4; lastKnownFileType = sourcecode.c.h; name = SetCard.h; path = Model/SetCard.h; sourceTree = "<group>"; };
		63713D681951020E008A226B /* SetCard.m */ = {isa = PBXFileReference; fileEncoding = 4; lastKnownFileType = sourcecode.c.objc; name = SetCard.m; path = Model/SetCard.m; sourceTree = "<group>"; };
		63713D6A19510236008A226B /* SetCardDeck.h */ = {isa = PBXFileReference; fileEncoding = 4; lastKnownFileType = sourcecode.c.h; name = SetCardDeck.h; path = Model/SetCardDeck.h; sourceTree = "<group>"; };
		63713D6B19510236008A226B /* SetCardDeck.m */ = {isa = PBXFileReference; fileEncoding = 4; lastKnownFileType = sourcecode.c.objc; name = SetCardDeck.m; path = Model/SetCardDeck.m; sourceTree = "<group>"; };
		63F4EE1E193B9BF800E1477D /* Matchismo.app */ = {isa = PBXFileReference; explicitFileType = wrapper.application; includeInIndex = 0; path = Matchismo.app; sourceTree = BUILT_PRODUCTS_DIR; };
		63F4EE21193B9BF900E1477D /* Foundation.framework */ = {isa = PBXFileReference; lastKnownFileType = wrapper.framework; name = Foundation.framework; path = System/Library/Frameworks/Foundation.framework; sourceTree = SDKROOT; };
		63F4EE23193B9BF900E1477D /* CoreGraphics.framework */ = {isa = PBXFileReference; lastKnownFileType = wrapper.framework; name = CoreGraphics.framework; path = System/Library/Frameworks/CoreGraphics.framework; sourceTree = SDKROOT; };
		63F4EE25193B9BF900E1477D /* UIKit.framework */ = {isa = PBXFileReference; lastKnownFileType = wrapper.framework; name = UIKit.framework; path = System/Library/Frameworks/UIKit.framework; sourceTree = SDKROOT; };
		63F4EE29193B9BF900E1477D /* Matchismo-Info.plist */ = {isa = PBXFileReference; lastKnownFileType = text.plist.xml; path = "Matchismo-Info.plist"; sourceTree = "<group>"; };
		63F4EE2B193B9BF900E1477D /* en */ = {isa = PBXFileReference; lastKnownFileType = text.plist.strings; name = en; path = en.lproj/InfoPlist.strings; sourceTree = "<group>"; };
		63F4EE2D193B9BF900E1477D /* main.m */ = {isa = PBXFileReference; lastKnownFileType = sourcecode.c.objc; path = main.m; sourceTree = "<group>"; };
		63F4EE2F193B9BF900E1477D /* Matchismo-Prefix.pch */ = {isa = PBXFileReference; lastKnownFileType = sourcecode.c.h; path = "Matchismo-Prefix.pch"; sourceTree = "<group>"; };
		63F4EE30193B9BF900E1477D /* CardGameAppDelegate.h */ = {isa = PBXFileReference; lastKnownFileType = sourcecode.c.h; path = CardGameAppDelegate.h; sourceTree = "<group>"; };
		63F4EE31193B9BF900E1477D /* CardGameAppDelegate.m */ = {isa = PBXFileReference; lastKnownFileType = sourcecode.c.objc; path = CardGameAppDelegate.m; sourceTree = "<group>"; };
		63F4EE34193B9BF900E1477D /* Base */ = {isa = PBXFileReference; lastKnownFileType = file.storyboard; name = Base; path = Base.lproj/Main.storyboard; sourceTree = "<group>"; };
		63F4EE36193B9BF900E1477D /* CardGameViewController.h */ = {isa = PBXFileReference; lastKnownFileType = sourcecode.c.h; path = CardGameViewController.h; sourceTree = "<group>"; };
		63F4EE37193B9BF900E1477D /* CardGameViewController.m */ = {isa = PBXFileReference; lastKnownFileType = sourcecode.c.objc; path = CardGameViewController.m; sourceTree = "<group>"; };
		63F4EE39193B9BF900E1477D /* Images.xcassets */ = {isa = PBXFileReference; lastKnownFileType = folder.assetcatalog; path = Images.xcassets; sourceTree = "<group>"; };
		63F4EE3F193B9BF900E1477D /* MatchismoTests.xctest */ = {isa = PBXFileReference; explicitFileType = wrapper.cfbundle; includeInIndex = 0; path = MatchismoTests.xctest; sourceTree = BUILT_PRODUCTS_DIR; };
		63F4EE40193B9BF900E1477D /* XCTest.framework */ = {isa = PBXFileReference; lastKnownFileType = wrapper.framework; name = XCTest.framework; path = Library/Frameworks/XCTest.framework; sourceTree = DEVELOPER_DIR; };
		63F4EE48193B9BF900E1477D /* MatchismoTests-Info.plist */ = {isa = PBXFileReference; lastKnownFileType = text.plist.xml; path = "MatchismoTests-Info.plist"; sourceTree = "<group>"; };
		63F4EE4A193B9BF900E1477D /* en */ = {isa = PBXFileReference; lastKnownFileType = text.plist.strings; name = en; path = en.lproj/InfoPlist.strings; sourceTree = "<group>"; };
		63F4EE4C193B9BF900E1477D /* MatchismoTests.m */ = {isa = PBXFileReference; lastKnownFileType = sourcecode.c.objc; path = MatchismoTests.m; sourceTree = "<group>"; };
		63F4EE56193BAD5300E1477D /* Card.h */ = {isa = PBXFileReference; fileEncoding = 4; lastKnownFileType = sourcecode.c.h; name = Card.h; path = Model/Card.h; sourceTree = "<group>"; };
		63F4EE57193BAD5300E1477D /* Card.m */ = {isa = PBXFileReference; fileEncoding = 4; lastKnownFileType = sourcecode.c.objc; name = Card.m; path = Model/Card.m; sourceTree = "<group>"; };
		63F4EE5A193BAF1300E1477D /* PlayingCard.h */ = {isa = PBXFileReference; fileEncoding = 4; lastKnownFileType = sourcecode.c.h; name = PlayingCard.h; path = Model/PlayingCard.h; sourceTree = "<group>"; };
		63F4EE5B193BAF1300E1477D /* PlayingCard.m */ = {isa = PBXFileReference; fileEncoding = 4; lastKnownFileType = sourcecode.c.objc; name = PlayingCard.m; path = Model/PlayingCard.m; sourceTree = "<group>"; };
		63F4EE5D193BB21600E1477D /* PlayingCardDeck.h */ = {isa = PBXFileReference; fileEncoding = 4; lastKnownFileType = sourcecode.c.h; name = PlayingCardDeck.h; path = Model/PlayingCardDeck.h; sourceTree = "<group>"; };
		63F4EE5E193BB21600E1477D /* PlayingCardDeck.m */ = {isa = PBXFileReference; fileEncoding = 4; lastKnownFileType = sourcecode.c.objc; name = PlayingCardDeck.m; path = Model/PlayingCardDeck.m; sourceTree = "<group>"; };
		63F4EE60193BB24200E1477D /* Deck.h */ = {isa = PBXFileReference; fileEncoding = 4; lastKnownFileType = sourcecode.c.h; name = Deck.h; path = Model/Deck.h; sourceTree = "<group>"; };
		63F4EE61193BB24200E1477D /* Deck.m */ = {isa = PBXFileReference; fileEncoding = 4; lastKnownFileType = sourcecode.c.objc; name = Deck.m; path = Model/Deck.m; sourceTree = "<group>"; };
/* End PBXFileReference section */

/* Begin PBXFrameworksBuildPhase section */
		63F4EE1B193B9BF800E1477D /* Frameworks */ = {
			isa = PBXFrameworksBuildPhase;
			buildActionMask = 2147483647;
			files = (
				63F4EE24193B9BF900E1477D /* CoreGraphics.framework in Frameworks */,
				63F4EE26193B9BF900E1477D /* UIKit.framework in Frameworks */,
				63F4EE22193B9BF900E1477D /* Foundation.framework in Frameworks */,
			);
			runOnlyForDeploymentPostprocessing = 0;
		};
		63F4EE3C193B9BF900E1477D /* Frameworks */ = {
			isa = PBXFrameworksBuildPhase;
			buildActionMask = 2147483647;
			files = (
				63F4EE41193B9BF900E1477D /* XCTest.framework in Frameworks */,
				63F4EE43193B9BF900E1477D /* UIKit.framework in Frameworks */,
				63F4EE42193B9BF900E1477D /* Foundation.framework in Frameworks */,
			);
			runOnlyForDeploymentPostprocessing = 0;
		};
/* End PBXFrameworksBuildPhase section */

/* Begin PBXGroup section */
		63F4EE15193B9BF800E1477D = {
			isa = PBXGroup;
			children = (
				63F4EE27193B9BF900E1477D /* Matchismo */,
				63F4EE46193B9BF900E1477D /* MatchismoTests */,
				63F4EE20193B9BF800E1477D /* Frameworks */,
				63F4EE1F193B9BF800E1477D /* Products */,
			);
			sourceTree = "<group>";
		};
		63F4EE1F193B9BF800E1477D /* Products */ = {
			isa = PBXGroup;
			children = (
				63F4EE1E193B9BF800E1477D /* Matchismo.app */,
				63F4EE3F193B9BF900E1477D /* MatchismoTests.xctest */,
			);
			name = Products;
			sourceTree = "<group>";
		};
		63F4EE20193B9BF800E1477D /* Frameworks */ = {
			isa = PBXGroup;
			children = (
				63F4EE21193B9BF900E1477D /* Foundation.framework */,
				63F4EE23193B9BF900E1477D /* CoreGraphics.framework */,
				63F4EE25193B9BF900E1477D /* UIKit.framework */,
				63F4EE40193B9BF900E1477D /* XCTest.framework */,
			);
			name = Frameworks;
			sourceTree = "<group>";
		};
		63F4EE27193B9BF900E1477D /* Matchismo */ = {
			isa = PBXGroup;
			children = (
				63F4EE33193B9BF900E1477D /* Main.storyboard */,
				63F4EE36193B9BF900E1477D /* CardGameViewController.h */,
				63F4EE37193B9BF900E1477D /* CardGameViewController.m */,
				63713D58194FB592008A226B /* PlayingCardGameViewController.h */,
				63713D59194FB592008A226B /* PlayingCardGameViewController.m */,
				63713D5B19505DE0008A226B /* SetCardGameViewController.h */,
				63713D5C19505DE0008A226B /* SetCardGameViewController.m */,
				63F4EE59193BAD8100E1477D /* Model */,
				63F4EE39193B9BF900E1477D /* Images.xcassets */,
				63F4EE28193B9BF900E1477D /* Supporting Files */,
			);
			path = Matchismo;
			sourceTree = "<group>";
		};
		63F4EE28193B9BF900E1477D /* Supporting Files */ = {
			isa = PBXGroup;
			children = (
				63F4EE30193B9BF900E1477D /* CardGameAppDelegate.h */,
				63F4EE31193B9BF900E1477D /* CardGameAppDelegate.m */,
				63F4EE29193B9BF900E1477D /* Matchismo-Info.plist */,
				63F4EE2A193B9BF900E1477D /* InfoPlist.strings */,
				63F4EE2D193B9BF900E1477D /* main.m */,
				63F4EE2F193B9BF900E1477D /* Matchismo-Prefix.pch */,
			);
			name = "Supporting Files";
			sourceTree = "<group>";
		};
		63F4EE46193B9BF900E1477D /* MatchismoTests */ = {
			isa = PBXGroup;
			children = (
				63F4EE4C193B9BF900E1477D /* MatchismoTests.m */,
				63F4EE47193B9BF900E1477D /* Supporting Files */,
			);
			path = MatchismoTests;
			sourceTree = "<group>";
		};
		63F4EE47193B9BF900E1477D /* Supporting Files */ = {
			isa = PBXGroup;
			children = (
				63F4EE48193B9BF900E1477D /* MatchismoTests-Info.plist */,
				63F4EE49193B9BF900E1477D /* InfoPlist.strings */,
			);
			name = "Supporting Files";
			sourceTree = "<group>";
		};
		63F4EE59193BAD8100E1477D /* Model */ = {
			isa = PBXGroup;
			children = (
				6302ACA8194146F300C2DA28 /* CardMatchingGame.h */,
				6302ACA9194146F300C2DA28 /* CardMatchingGame.m */,
				63F4EE56193BAD5300E1477D /* Card.h */,
				63F4EE57193BAD5300E1477D /* Card.m */,
				63F4EE5A193BAF1300E1477D /* PlayingCard.h */,
				63F4EE5B193BAF1300E1477D /* PlayingCard.m */,
				63713D671951020E008A226B /* SetCard.h */,
				63713D681951020E008A226B /* SetCard.m */,
				63F4EE60193BB24200E1477D /* Deck.h */,
				63F4EE61193BB24200E1477D /* Deck.m */,
				63F4EE5D193BB21600E1477D /* PlayingCardDeck.h */,
				63F4EE5E193BB21600E1477D /* PlayingCardDeck.m */,
				63713D6A19510236008A226B /* SetCardDeck.h */,
				63713D6B19510236008A226B /* SetCardDeck.m */,
			);
			name = Model;
			sourceTree = "<group>";
		};
/* End PBXGroup section */

/* Begin PBXNativeTarget section */
		63F4EE1D193B9BF800E1477D /* Matchismo */ = {
			isa = PBXNativeTarget;
			buildConfigurationList = 63F4EE50193B9BF900E1477D /* Build configuration list for PBXNativeTarget "Matchismo" */;
			buildPhases = (
				63F4EE1A193B9BF800E1477D /* Sources */,
				63F4EE1B193B9BF800E1477D /* Frameworks */,
				63F4EE1C193B9BF800E1477D /* Resources */,
			);
			buildRules = (
			);
			dependencies = (
			);
			name = Matchismo;
			productName = Matchismo;
			productReference = 63F4EE1E193B9BF800E1477D /* Matchismo.app */;
			productType = "com.apple.product-type.application";
		};
		63F4EE3E193B9BF900E1477D /* MatchismoTests */ = {
			isa = PBXNativeTarget;
			buildConfigurationList = 63F4EE53193B9BF900E1477D /* Build configuration list for PBXNativeTarget "MatchismoTests" */;
			buildPhases = (
				63F4EE3B193B9BF900E1477D /* Sources */,
				63F4EE3C193B9BF900E1477D /* Frameworks */,
				63F4EE3D193B9BF900E1477D /* Resources */,
			);
			buildRules = (
			);
			dependencies = (
				63F4EE45193B9BF900E1477D /* PBXTargetDependency */,
			);
			name = MatchismoTests;
			productName = MatchismoTests;
			productReference = 63F4EE3F193B9BF900E1477D /* MatchismoTests.xctest */;
			productType = "com.apple.product-type.bundle.unit-test";
		};
/* End PBXNativeTarget section */

/* Begin PBXProject section */
		63F4EE16193B9BF800E1477D /* Project object */ = {
			isa = PBXProject;
			attributes = {
				CLASSPREFIX = CardGame;
				LastUpgradeCheck = 0510;
				ORGANIZATIONNAME = CS193p;
				TargetAttributes = {
					63F4EE3E193B9BF900E1477D = {
						TestTargetID = 63F4EE1D193B9BF800E1477D;
					};
				};
			};
			buildConfigurationList = 63F4EE19193B9BF800E1477D /* Build configuration list for PBXProject "Matchismo" */;
			compatibilityVersion = "Xcode 3.2";
			developmentRegion = English;
			hasScannedForEncodings = 0;
			knownRegions = (
				en,
				Base,
			);
			mainGroup = 63F4EE15193B9BF800E1477D;
			productRefGroup = 63F4EE1F193B9BF800E1477D /* Products */;
			projectDirPath = "";
			projectRoot = "";
			targets = (
				63F4EE1D193B9BF800E1477D /* Matchismo */,
				63F4EE3E193B9BF900E1477D /* MatchismoTests */,
			);
		};
/* End PBXProject section */

/* Begin PBXResourcesBuildPhase section */
		63F4EE1C193B9BF800E1477D /* Resources */ = {
			isa = PBXResourcesBuildPhase;
			buildActionMask = 2147483647;
			files = (
				63F4EE3A193B9BF900E1477D /* Images.xcassets in Resources */,
				63F4EE2C193B9BF900E1477D /* InfoPlist.strings in Resources */,
				63F4EE35193B9BF900E1477D /* Main.storyboard in Resources */,
			);
			runOnlyForDeploymentPostprocessing = 0;
		};
		63F4EE3D193B9BF900E1477D /* Resources */ = {
			isa = PBXResourcesBuildPhase;
			buildActionMask = 2147483647;
			files = (
				63F4EE4B193B9BF900E1477D /* InfoPlist.strings in Resources */,
			);
			runOnlyForDeploymentPostprocessing = 0;
		};
/* End PBXResourcesBuildPhase section */

/* Begin PBXSourcesBuildPhase section */
		63F4EE1A193B9BF800E1477D /* Sources */ = {
			isa = PBXSourcesBuildPhase;
			buildActionMask = 2147483647;
			files = (
				63F4EE32193B9BF900E1477D /* CardGameAppDelegate.m in Sources */,
				6302ACAA194146F300C2DA28 /* CardMatchingGame.m in Sources */,
				63713D691951020E008A226B /* SetCard.m in Sources */,
				63F4EE62193BB24200E1477D /* Deck.m in Sources */,
				63F4EE5F193BB21600E1477D /* PlayingCardDeck.m in Sources */,
				63F4EE38193B9BF900E1477D /* CardGameViewController.m in Sources */,
				63F4EE2E193B9BF900E1477D /* main.m in Sources */,
				63713D6C19510236008A226B /* SetCardDeck.m in Sources */,
				63F4EE5C193BAF1300E1477D /* PlayingCard.m in Sources */,
				63F4EE58193BAD5300E1477D /* Card.m in Sources */,
				63713D5A194FB592008A226B /* PlayingCardGameViewController.m in Sources */,
				63713D5D19505DE0008A226B /* SetCardGameViewController.m in Sources */,
			);
			runOnlyForDeploymentPostprocessing = 0;
		};
		63F4EE3B193B9BF900E1477D /* Sources */ = {
			isa = PBXSourcesBuildPhase;
			buildActionMask = 2147483647;
			files = (
				63F4EE4D193B9BF900E1477D /* MatchismoTests.m in Sources */,
			);
			runOnlyForDeploymentPostprocessing = 0;
		};
/* End PBXSourcesBuildPhase section */

/* Begin PBXTargetDependency section */
		63F4EE45193B9BF900E1477D /* PBXTargetDependency */ = {
			isa = PBXTargetDependency;
			target = 63F4EE1D193B9BF800E1477D /* Matchismo */;
			targetProxy = 63F4EE44193B9BF900E1477D /* PBXContainerItemProxy */;
		};
/* End PBXTargetDependency section */

/* Begin PBXVariantGroup section */
		63F4EE2A193B9BF900E1477D /* InfoPlist.strings */ = {
			isa = PBXVariantGroup;
			children = (
				63F4EE2B193B9BF900E1477D /* en */,
			);
			name = InfoPlist.strings;
			sourceTree = "<group>";
		};
		63F4EE33193B9BF900E1477D /* Main.storyboard */ = {
			isa = PBXVariantGroup;
			children = (
				63F4EE34193B9BF900E1477D /* Base */,
			);
			name = Main.storyboard;
			sourceTree = "<group>";
		};
		63F4EE49193B9BF900E1477D /* InfoPlist.strings */ = {
			isa = PBXVariantGroup;
			children = (
				63F4EE4A193B9BF900E1477D /* en */,
			);
			name = InfoPlist.strings;
			sourceTree = "<group>";
		};
/* End PBXVariantGroup section */

/* Begin XCBuildConfiguration section */
		63F4EE4E193B9BF900E1477D /* Debug */ = {
			isa = XCBuildConfiguration;
			buildSettings = {
				ALWAYS_SEARCH_USER_PATHS = NO;
				CLANG_CXX_LANGUAGE_STANDARD = "gnu++0x";
				CLANG_CXX_LIBRARY = "libc++";
				CLANG_ENABLE_MODULES = YES;
				CLANG_ENABLE_OBJC_ARC = YES;
				CLANG_WARN_BOOL_CONVERSION = YES;
				CLANG_WARN_CONSTANT_CONVERSION = YES;
				CLANG_WARN_DIRECT_OBJC_ISA_USAGE = YES_ERROR;
				CLANG_WARN_EMPTY_BODY = YES;
				CLANG_WARN_ENUM_CONVERSION = YES;
				CLANG_WARN_INT_CONVERSION = YES;
				CLANG_WARN_OBJC_ROOT_CLASS = YES_ERROR;
				CLANG_WARN__DUPLICATE_METHOD_MATCH = YES;
				"CODE_SIGN_IDENTITY[sdk=iphoneos*]" = "iPhone Developer";
				COPY_PHASE_STRIP = NO;
				GCC_C_LANGUAGE_STANDARD = gnu99;
				GCC_DYNAMIC_NO_PIC = NO;
				GCC_OPTIMIZATION_LEVEL = 0;
				GCC_PREPROCESSOR_DEFINITIONS = (
					"DEBUG=1",
					"$(inherited)",
				);
				GCC_SYMBOLS_PRIVATE_EXTERN = NO;
				GCC_WARN_64_TO_32_BIT_CONVERSION = YES;
				GCC_WARN_ABOUT_RETURN_TYPE = YES_ERROR;
				GCC_WARN_UNDECLARED_SELECTOR = YES;
				GCC_WARN_UNINITIALIZED_AUTOS = YES_AGGRESSIVE;
				GCC_WARN_UNUSED_FUNCTION = YES;
				GCC_WARN_UNUSED_VARIABLE = YES;
				IPHONEOS_DEPLOYMENT_TARGET = 7.1;
				ONLY_ACTIVE_ARCH = YES;
				SDKROOT = iphoneos;
			};
			name = Debug;
		};
		63F4EE4F193B9BF900E1477D /* Release */ = {
			isa = XCBuildConfiguration;
			buildSettings = {
				ALWAYS_SEARCH_USER_PATHS = NO;
				CLANG_CXX_LANGUAGE_STANDARD = "gnu++0x";
				CLANG_CXX_LIBRARY = "libc++";
				CLANG_ENABLE_MODULES = YES;
				CLANG_ENABLE_OBJC_ARC = YES;
				CLANG_WARN_BOOL_CONVERSION = YES;
				CLANG_WARN_CONSTANT_CONVERSION = YES;
				CLANG_WARN_DIRECT_OBJC_ISA_USAGE = YES_ERROR;
				CLANG_WARN_EMPTY_BODY = YES;
				CLANG_WARN_ENUM_CONVERSION = YES;
				CLANG_WARN_INT_CONVERSION = YES;
				CLANG_WARN_OBJC_ROOT_CLASS = YES_ERROR;
				CLANG_WARN__DUPLICATE_METHOD_MATCH = YES;
				"CODE_SIGN_IDENTITY[sdk=iphoneos*]" = "iPhone Developer";
				COPY_PHASE_STRIP = YES;
				ENABLE_NS_ASSERTIONS = NO;
				GCC_C_LANGUAGE_STANDARD = gnu99;
				GCC_WARN_64_TO_32_BIT_CONVERSION = YES;
				GCC_WARN_ABOUT_RETURN_TYPE = YES_ERROR;
				GCC_WARN_UNDECLARED_SELECTOR = YES;
				GCC_WARN_UNINITIALIZED_AUTOS = YES_AGGRESSIVE;
				GCC_WARN_UNUSED_FUNCTION = YES;
				GCC_WARN_UNUSED_VARIABLE = YES;
				IPHONEOS_DEPLOYMENT_TARGET = 7.1;
				SDKROOT = iphoneos;
				VALIDATE_PRODUCT = YES;
			};
			name = Release;
		};
		63F4EE51193B9BF900E1477D /* Debug */ = {
			isa = XCBuildConfiguration;
			buildSettings = {
				ASSETCATALOG_COMPILER_APPICON_NAME = AppIcon;
				ASSETCATALOG_COMPILER_LAUNCHIMAGE_NAME = LaunchImage;
				GCC_PRECOMPILE_PREFIX_HEADER = YES;
				GCC_PREFIX_HEADER = "Matchismo/Matchismo-Prefix.pch";
				INFOPLIST_FILE = "Matchismo/Matchismo-Info.plist";
				PRODUCT_NAME = "$(TARGET_NAME)";
				WRAPPER_EXTENSION = app;
			};
			name = Debug;
		};
		63F4EE52193B9BF900E1477D /* Release */ = {
			isa = XCBuildConfiguration;
			buildSettings = {
				ASSETCATALOG_COMPILER_APPICON_NAME = AppIcon;
				ASSETCATALOG_COMPILER_LAUNCHIMAGE_NAME = LaunchImage;
				GCC_PRECOMPILE_PREFIX_HEADER = YES;
				GCC_PREFIX_HEADER = "Matchismo/Matchismo-Prefix.pch";
				INFOPLIST_FILE = "Matchismo/Matchismo-Info.plist";
				PRODUCT_NAME = "$(TARGET_NAME)";
				WRAPPER_EXTENSION = app;
			};
			name = Release;
		};
		63F4EE54193B9BF900E1477D /* Debug */ = {
			isa = XCBuildConfiguration;
			buildSettings = {
				BUNDLE_LOADER = "$(BUILT_PRODUCTS_DIR)/Matchismo.app/Matchismo";
				FRAMEWORK_SEARCH_PATHS = (
					"$(SDKROOT)/Developer/Library/Frameworks",
					"$(inherited)",
					"$(DEVELOPER_FRAMEWORKS_DIR)",
				);
				GCC_PRECOMPILE_PREFIX_HEADER = YES;
				GCC_PREFIX_HEADER = "Matchismo/Matchismo-Prefix.pch";
				GCC_PREPROCESSOR_DEFINITIONS = (
					"DEBUG=1",
					"$(inherited)",
				);
				INFOPLIST_FILE = "MatchismoTests/MatchismoTests-Info.plist";
				PRODUCT_NAME = "$(TARGET_NAME)";
				TEST_HOST = "$(BUNDLE_LOADER)";
				WRAPPER_EXTENSION = xctest;
			};
			name = Debug;
		};
		63F4EE55193B9BF900E1477D /* Release */ = {
			isa = XCBuildConfiguration;
			buildSettings = {
				BUNDLE_LOADER = "$(BUILT_PRODUCTS_DIR)/Matchismo.app/Matchismo";
				FRAMEWORK_SEARCH_PATHS = (
					"$(SDKROOT)/Developer/Library/Frameworks",
					"$(inherited)",
					"$(DEVELOPER_FRAMEWORKS_DIR)",
				);
				GCC_PRECOMPILE_PREFIX_HEADER = YES;
				GCC_PREFIX_HEADER = "Matchismo/Matchismo-Prefix.pch";
				INFOPLIST_FILE = "MatchismoTests/MatchismoTests-Info.plist";
				PRODUCT_NAME = "$(TARGET_NAME)";
				TEST_HOST = "$(BUNDLE_LOADER)";
				WRAPPER_EXTENSION = xctest;
			};
			name = Release;
		};
/* End XCBuildConfiguration section */

/* Begin XCConfigurationList section */
		63F4EE19193B9BF800E1477D /* Build configuration list for PBXProject "Matchismo" */ = {
			isa = XCConfigurationList;
			buildConfigurations = (
				63F4EE4E193B9BF900E1477D /* Debug */,
				63F4EE4F193B9BF900E1477D /* Release */,
			);
			defaultConfigurationIsVisible = 0;
			defaultConfigurationName = Release;
		};
		63F4EE50193B9BF900E1477D /* Build configuration list for PBXNativeTarget "Matchismo" */ = {
			isa = XCConfigurationList;
			buildConfigurations = (
				63F4EE51193B9BF900E1477D /* Debug */,
				63F4EE52193B9BF900E1477D /* Release */,
			);
			defaultConfigurationIsVisible = 0;
			defaultConfigurationName = Release;
		};
		63F4EE53193B9BF900E1477D /* Build configuration list for PBXNativeTarget "MatchismoTests" */ = {
			isa = XCConfigurationList;
			buildConfigurations = (
				63F4EE54193B9BF900E1477D /* Debug */,
				63F4EE55193B9BF900E1477D /* Release */,
			);
			defaultConfigurationIsVisible = 0;
			defaultConfigurationName = Release;
		};
/* End XCConfigurationList section */
	};
	rootObject = 63F4EE16193B9BF800E1477D /* Project object */;
}
